{
  "nodes": {
    "clipboard": {
      "flake": false,
      "locked": {
        "lastModified": 1756677940,
        "narHash": "sha256-WmVQhWNKWo7wuird60RlItfU1ItYjKn63KPKkac29G8=",
        "owner": "dgv",
        "repo": "clipboard",
        "rev": "0ba2e06f3ade58237a45c4f3321884dee2aba775",
        "type": "github"
      },
      "original": {
        "owner": "dgv",
        "repo": "clipboard",
        "rev": "0ba2e06f3ade58237a45c4f3321884dee2aba775",
        "type": "github"
      }
    },
    "nixpkgs": {
      "locked": {
        "lastModified": 1760164275,
        "narHash": "sha256-gKl2Gtro/LNf8P+4L3S2RsZ0G390ccd5MyXYrTdMCFE=",
        "owner": "NixOS",
        "repo": "nixpkgs",
        "rev": "362791944032cb532aabbeed7887a441496d5e6e",
        "type": "github"
      },
      "original": {
        "owner": "NixOS",
        "ref": "nixpkgs-unstable",
        "repo": "nixpkgs",
        "type": "github"
      }
    },
    "root": {
      "inputs": {
        "clipboard": "clipboard",
        "nixpkgs": "nixpkgs",
        "sqlite": "sqlite",
        "zeit": "zeit"
      }
    },
    "sqlite": {
      "flake": false,
      "locked": {
        "lastModified": 1756558878,
        "narHash": "sha256-6RxaQO+EAZzuj63m35WV+ofza2VlCHbeDWPa/mjtRDE=",
        "owner": "vrischmann",
        "repo": "zig-sqlite",
        "rev": "6d90ee900d186a7fbb6066f28ee13beeaf8be345",
        "type": "github"
      },
      "original": {
        "owner": "vrischmann",
        "repo": "zig-sqlite",
        "rev": "6d90ee900d186a7fbb6066f28ee13beeaf8be345",
        "type": "github"
      }
    },
    "zeit": {
      "flake": false,
      "locked": {
        "lastModified": 1759668516,
        "narHash": "sha256-bydKtoH7XEDIu0JcTsVCa7ewdPAFfgf2bLOUKO63Aok=",
        "owner": "rockorager",
        "repo": "zeit",
        "rev": "74be5a2afb346b2a6a6349abbb609e89ec7e65a6",
        "type": "github"
      },
      "original": {
        "owner": "rockorager",
        "repo": "zeit",
        "rev": "74be5a2afb346b2a6a6349abbb609e89ec7e65a6",
        "type": "github"
      }
    }
  },
  "root": "root",
  "version": 7
}
